
Microsoft Visual Studio Solution File, Format Version 12.00
# Visual Studio Version 16
VisualStudioVersion = 16.0.32510.428
MinimumVisualStudioVersion = 10.0.40219.1
Project("{FAE04EC0-301F-11D3-BF4B-00C04F79EFBC}") = "TideBDDSpecflow", "TideBDDSpecflow\TideBDDSpecflow.csproj", "{728DFAAC-FD99-4171-A3E6-50317342F561}"
EndProject
Global
	GlobalSection(SolutionConfigurationPlatforms) = preSolution
		Debug|Any CPU = Debug|Any CPU
		Release|Any CPU = Release|Any CPU
	EndGlobalSection
	GlobalSection(ProjectConfigurationPlatforms) = postSolution
		{728DFAAC-FD99-4171-A3E6-50317342F561}.Debug|Any CPU.ActiveCfg = Debug|Any CPU
		{728DFAAC-FD99-4171-A3E6-50317342F561}.Debug|Any CPU.Build.0 = Debug|Any CPU
		{728DFAAC-FD99-4171-A3E6-50317342F561}.Release|Any CPU.ActiveCfg = Release|Any CPU
		{728DFAAC-FD99-4171-A3E6-50317342F561}.Release|Any CPU.Build.0 = Release|Any CPU
	EndGlobalSection
	GlobalSection(SolutionProperties) = preSolution
		HideSolutionNode = FALSE
	EndGlobalSection
	GlobalSection(ExtensibilityGlobals) = postSolution
		SolutionGuid = {DD3A5CAE-20F6-4263-B80A-97B8A89B6545}
	EndGlobalSection
EndGlobal
